
Microsoft Visual Studio Solution File, Format Version 12.00
# Visual Studio Version 16
VisualStudioVersion = 16.0.31321.278
MinimumVisualStudioVersion = 10.0.40219.1
Project("{FAE04EC0-301F-11D3-BF4B-00C04F79EFBC}") = "ElevatorSim", "ElevatorSim\ElevatorSim.csproj", "{8F243A24-FA4A-4E78-B0E0-3453012CDE0C}"
EndProject
Project("{FAE04EC0-301F-11D3-BF4B-00C04F79EFBC}") = "ElevatorSimTests", "ElevatorSimTests\ElevatorSimTests.csproj", "{F547AFAB-A15E-4276-9565-59963CA522CC}"
EndProject
Global
	GlobalSection(SolutionConfigurationPlatforms) = preSolution
		Debug|Any CPU = Debug|Any CPU
		Release|Any CPU = Release|Any CPU
	EndGlobalSection
	GlobalSection(ProjectConfigurationPlatforms) = postSolution
		{8F243A24-FA4A-4E78-B0E0-3453012CDE0C}.Debug|Any CPU.ActiveCfg = Debug|Any CPU
		{8F243A24-FA4A-4E78-B0E0-3453012CDE0C}.Debug|Any CPU.Build.0 = Debug|Any CPU
		{8F243A24-FA4A-4E78-B0E0-3453012CDE0C}.Release|Any CPU.ActiveCfg = Release|Any CPU
		{8F243A24-FA4A-4E78-B0E0-3453012CDE0C}.Release|Any CPU.Build.0 = Release|Any CPU
		{F547AFAB-A15E-4276-9565-59963CA522CC}.Debug|Any CPU.ActiveCfg = Debug|Any CPU
		{F547AFAB-A15E-4276-9565-59963CA522CC}.Debug|Any CPU.Build.0 = Debug|Any CPU
		{F547AFAB-A15E-4276-9565-59963CA522CC}.Release|Any CPU.ActiveCfg = Release|Any CPU
		{F547AFAB-A15E-4276-9565-59963CA522CC}.Release|Any CPU.Build.0 = Release|Any CPU
	EndGlobalSection
	GlobalSection(SolutionProperties) = preSolution
		HideSolutionNode = FALSE
	EndGlobalSection
	GlobalSection(ExtensibilityGlobals) = postSolution
		SolutionGuid = {5D23514B-B7AD-421A-A47A-B1F48EA54701}
	EndGlobalSection
EndGlobal
